
Microsoft Visual Studio Solution File, Format Version 12.00
# Visual Studio 15
VisualStudioVersion = 15.0.28307.271
MinimumVisualStudioVersion = 10.0.40219.1
Project("{FAE04EC0-301F-11D3-BF4B-00C04F79EFBC}") = "ConsoleApp2", "ConsoleApp2\ConsoleApp2.csproj", "{77BDE675-09E2-4BA2-A9C0-82D4D88866DE}"
EndProject
Global
	GlobalSection(SolutionConfigurationPlatforms) = preSolution
		Debug|Any CPU = Debug|Any CPU
		Release|Any CPU = Release|Any CPU
	EndGlobalSection
	GlobalSection(ProjectConfigurationPlatforms) = postSolution
		{77BDE675-09E2-4BA2-A9C0-82D4D88866DE}.Debug|Any CPU.ActiveCfg = Debug|Any CPU
		{77BDE675-09E2-4BA2-A9C0-82D4D88866DE}.Debug|Any CPU.Build.0 = Debug|Any CPU
		{77BDE675-09E2-4BA2-A9C0-82D4D88866DE}.Release|Any CPU.ActiveCfg = Release|Any CPU
		{77BDE675-09E2-4BA2-A9C0-82D4D88866DE}.Release|Any CPU.Build.0 = Release|Any CPU
	EndGlobalSection
	GlobalSection(SolutionProperties) = preSolution
		HideSolutionNode = FALSE
	EndGlobalSection
	GlobalSection(ExtensibilityGlobals) = postSolution
		SolutionGuid = {40E69A03-5D85-480B-B08C-9B65C8AFB48C}
	EndGlobalSection
EndGlobal
